
Microsoft Visual Studio Solution File, Format Version 12.00
# Visual Studio Version 17
VisualStudioVersion = 17.2.32516.85
MinimumVisualStudioVersion = 10.0.40219.1
Project("{FAE04EC0-301F-11D3-BF4B-00C04F79EFBC}") = "ToritosSAC", "ToritosSAC\ToritosSAC.csproj", "{7FBB0267-397B-44DA-8CE0-EA17E8813B6E}"
EndProject
Global
	GlobalSection(SolutionConfigurationPlatforms) = preSolution
		Debug|Any CPU = Debug|Any CPU
		Release|Any CPU = Release|Any CPU
	EndGlobalSection
	GlobalSection(ProjectConfigurationPlatforms) = postSolution
		{7FBB0267-397B-44DA-8CE0-EA17E8813B6E}.Debug|Any CPU.ActiveCfg = Debug|Any CPU
		{7FBB0267-397B-44DA-8CE0-EA17E8813B6E}.Debug|Any CPU.Build.0 = Debug|Any CPU
		{7FBB0267-397B-44DA-8CE0-EA17E8813B6E}.Release|Any CPU.ActiveCfg = Release|Any CPU
		{7FBB0267-397B-44DA-8CE0-EA17E8813B6E}.Release|Any CPU.Build.0 = Release|Any CPU
	EndGlobalSection
	GlobalSection(SolutionProperties) = preSolution
		HideSolutionNode = FALSE
	EndGlobalSection
	GlobalSection(ExtensibilityGlobals) = postSolution
		SolutionGuid = {3793ABF7-70FD-4BD6-89EE-CB8B63F7442A}
	EndGlobalSection
EndGlobal
