
Microsoft Visual Studio Solution File, Format Version 12.00
# Visual Studio Version 17
VisualStudioVersion = 17.2.32516.85
MinimumVisualStudioVersion = 10.0.40219.1
Project("{FAE04EC0-301F-11D3-BF4B-00C04F79EFBC}") = "ToritosSAC.Server", "ToritosSAC.Server\ToritosSAC.Server.csproj", "{C17E2F93-6EE1-4F2B-9524-6319785A97CA}"
EndProject
Project("{FAE04EC0-301F-11D3-BF4B-00C04F79EFBC}") = "ToritosSAC.DataAccess", "ToritosSAC.DataAccess\ToritosSAC.DataAccess.csproj", "{4482C210-E1A2-4523-BD4F-92594DDC1F4A}"
EndProject
Project("{FAE04EC0-301F-11D3-BF4B-00C04F79EFBC}") = "ToritosSAC.Entities", "ToritosSAC.Entities\ToritosSAC.Entities.csproj", "{0A9D9A36-4A24-4C33-B30C-39C37421F641}"
EndProject
Project("{2150E333-8FDC-42A3-9474-1A3956D46DE8}") = "Servidor", "Servidor", "{2458352C-3B85-411D-AD8B-071E47E883C3}"
EndProject
Global
	GlobalSection(SolutionConfigurationPlatforms) = preSolution
		Debug|Any CPU = Debug|Any CPU
		Release|Any CPU = Release|Any CPU
	EndGlobalSection
	GlobalSection(ProjectConfigurationPlatforms) = postSolution
		{C17E2F93-6EE1-4F2B-9524-6319785A97CA}.Debug|Any CPU.ActiveCfg = Debug|Any CPU
		{C17E2F93-6EE1-4F2B-9524-6319785A97CA}.Debug|Any CPU.Build.0 = Debug|Any CPU
		{C17E2F93-6EE1-4F2B-9524-6319785A97CA}.Release|Any CPU.ActiveCfg = Release|Any CPU
		{C17E2F93-6EE1-4F2B-9524-6319785A97CA}.Release|Any CPU.Build.0 = Release|Any CPU
		{4482C210-E1A2-4523-BD4F-92594DDC1F4A}.Debug|Any CPU.ActiveCfg = Debug|Any CPU
		{4482C210-E1A2-4523-BD4F-92594DDC1F4A}.Debug|Any CPU.Build.0 = Debug|Any CPU
		{4482C210-E1A2-4523-BD4F-92594DDC1F4A}.Release|Any CPU.ActiveCfg = Release|Any CPU
		{4482C210-E1A2-4523-BD4F-92594DDC1F4A}.Release|Any CPU.Build.0 = Release|Any CPU
		{0A9D9A36-4A24-4C33-B30C-39C37421F641}.Debug|Any CPU.ActiveCfg = Debug|Any CPU
		{0A9D9A36-4A24-4C33-B30C-39C37421F641}.Debug|Any CPU.Build.0 = Debug|Any CPU
		{0A9D9A36-4A24-4C33-B30C-39C37421F641}.Release|Any CPU.ActiveCfg = Release|Any CPU
		{0A9D9A36-4A24-4C33-B30C-39C37421F641}.Release|Any CPU.Build.0 = Release|Any CPU
	EndGlobalSection
	GlobalSection(SolutionProperties) = preSolution
		HideSolutionNode = FALSE
	EndGlobalSection
	GlobalSection(NestedProjects) = preSolution
		{C17E2F93-6EE1-4F2B-9524-6319785A97CA} = {2458352C-3B85-411D-AD8B-071E47E883C3}
		{4482C210-E1A2-4523-BD4F-92594DDC1F4A} = {2458352C-3B85-411D-AD8B-071E47E883C3}
		{0A9D9A36-4A24-4C33-B30C-39C37421F641} = {2458352C-3B85-411D-AD8B-071E47E883C3}
	EndGlobalSection
	GlobalSection(ExtensibilityGlobals) = postSolution
		SolutionGuid = {7587DEE8-CBF6-4A72-A0E0-60D8ED8C4A15}
	EndGlobalSection
EndGlobal
